
Microsoft Visual Studio Solution File, Format Version 12.00
# Visual Studio Version 17
VisualStudioVersion = 17.14.36408.4 d17.14
MinimumVisualStudioVersion = 10.0.40219.1
Project("{FAE04EC0-301F-11D3-BF4B-00C04F79EFBC}") = "Denormalization.Console", "Denormalization.Console\Denormalization.Console.csproj", "{ABB0497D-8DB8-4526-BEA1-E6B039193034}"
EndProject
Global
	GlobalSection(SolutionConfigurationPlatforms) = preSolution
		Debug|Any CPU = Debug|Any CPU
		Release|Any CPU = Release|Any CPU
	EndGlobalSection
	GlobalSection(ProjectConfigurationPlatforms) = postSolution
		{ABB0497D-8DB8-4526-BEA1-E6B039193034}.Debug|Any CPU.ActiveCfg = Debug|Any CPU
		{ABB0497D-8DB8-4526-BEA1-E6B039193034}.Debug|Any CPU.Build.0 = Debug|Any CPU
		{ABB0497D-8DB8-4526-BEA1-E6B039193034}.Release|Any CPU.ActiveCfg = Release|Any CPU
		{ABB0497D-8DB8-4526-BEA1-E6B039193034}.Release|Any CPU.Build.0 = Release|Any CPU
	EndGlobalSection
	GlobalSection(SolutionProperties) = preSolution
		HideSolutionNode = FALSE
	EndGlobalSection
	GlobalSection(ExtensibilityGlobals) = postSolution
		SolutionGuid = {53696BEA-284E-43D0-9FFA-913D5A909CA4}
	EndGlobalSection
EndGlobal
